
Microsoft Visual Studio Solution File, Format Version 12.00
# Visual Studio Version 16
VisualStudioVersion = 16.0.30709.64
MinimumVisualStudioVersion = 10.0.40219.1
Project("{FAE04EC0-301F-11D3-BF4B-00C04F79EFBC}") = "Gamepedia.Background", "Background\Gamepedia.Background.csproj", "{31DA1F1E-33E8-4635-B2E5-37E705636B44}"
EndProject
Project("{C7167F0D-BC9F-4E6E-AFE1-012C56B48DB5}") = "Gamepedia.Package", "Package\Gamepedia.Package.wapproj", "{4D268752-C376-4DD2-8E45-BFBFC1135A73}"
EndProject
Project("{9A19103F-16F7-4668-BE54-9A1E7A4F7556}") = "Gamepedia.Core", "Core\Gamepedia.Core.csproj", "{3A074297-30D1-4485-966C-19B15F073355}"
EndProject
Project("{9A19103F-16F7-4668-BE54-9A1E7A4F7556}") = "Gamepedia.Lol", "Lol\Gamepedia.Lol.csproj", "{ACB21C63-F5AD-484F-A834-5C51A12E14E6}"
EndProject
Project("{FAE04EC0-301F-11D3-BF4B-00C04F79EFBC}") = "Gamepedia.Background.Lol", "Background.Lol\Gamepedia.Background.Lol.csproj", "{D1C0A37D-7ED0-4BFE-825B-50474750A0CC}"
EndProject
Global
	GlobalSection(SolutionConfigurationPlatforms) = preSolution
		Debug|Any CPU = Debug|Any CPU
		Debug|ARM = Debug|ARM
		Debug|arm64 = Debug|arm64
		Debug|x64 = Debug|x64
		Debug|x86 = Debug|x86
		Release|Any CPU = Release|Any CPU
		Release|ARM = Release|ARM
		Release|arm64 = Release|arm64
		Release|x64 = Release|x64
		Release|x86 = Release|x86
	EndGlobalSection
	GlobalSection(ProjectConfigurationPlatforms) = postSolution
		{31DA1F1E-33E8-4635-B2E5-37E705636B44}.Debug|Any CPU.ActiveCfg = Debug|x86
		{31DA1F1E-33E8-4635-B2E5-37E705636B44}.Debug|ARM.ActiveCfg = Debug|ARM
		{31DA1F1E-33E8-4635-B2E5-37E705636B44}.Debug|ARM.Build.0 = Debug|ARM
		{31DA1F1E-33E8-4635-B2E5-37E705636B44}.Debug|ARM.Deploy.0 = Debug|ARM
		{31DA1F1E-33E8-4635-B2E5-37E705636B44}.Debug|arm64.ActiveCfg = Debug|ARM64
		{31DA1F1E-33E8-4635-B2E5-37E705636B44}.Debug|arm64.Build.0 = Debug|ARM64
		{31DA1F1E-33E8-4635-B2E5-37E705636B44}.Debug|arm64.Deploy.0 = Debug|ARM64
		{31DA1F1E-33E8-4635-B2E5-37E705636B44}.Debug|x64.ActiveCfg = Debug|x64
		{31DA1F1E-33E8-4635-B2E5-37E705636B44}.Debug|x64.Build.0 = Debug|x64
		{31DA1F1E-33E8-4635-B2E5-37E705636B44}.Debug|x64.Deploy.0 = Debug|x64
		{31DA1F1E-33E8-4635-B2E5-37E705636B44}.Debug|x86.ActiveCfg = Debug|x86
		{31DA1F1E-33E8-4635-B2E5-37E705636B44}.Debug|x86.Build.0 = Debug|x86
		{31DA1F1E-33E8-4635-B2E5-37E705636B44}.Debug|x86.Deploy.0 = Debug|x86
		{31DA1F1E-33E8-4635-B2E5-37E705636B44}.Release|Any CPU.ActiveCfg = Release|x86
		{31DA1F1E-33E8-4635-B2E5-37E705636B44}.Release|ARM.ActiveCfg = Release|ARM
		{31DA1F1E-33E8-4635-B2E5-37E705636B44}.Release|ARM.Build.0 = Release|ARM
		{31DA1F1E-33E8-4635-B2E5-37E705636B44}.Release|ARM.Deploy.0 = Release|ARM
		{31DA1F1E-33E8-4635-B2E5-37E705636B44}.Release|arm64.ActiveCfg = Release|ARM64
		{31DA1F1E-33E8-4635-B2E5-37E705636B44}.Release|arm64.Build.0 = Release|ARM64
		{31DA1F1E-33E8-4635-B2E5-37E705636B44}.Release|arm64.Deploy.0 = Release|ARM64
		{31DA1F1E-33E8-4635-B2E5-37E705636B44}.Release|x64.ActiveCfg = Release|x64
		{31DA1F1E-33E8-4635-B2E5-37E705636B44}.Release|x64.Build.0 = Release|x64
		{31DA1F1E-33E8-4635-B2E5-37E705636B44}.Release|x64.Deploy.0 = Release|x64
		{31DA1F1E-33E8-4635-B2E5-37E705636B44}.Release|x86.ActiveCfg = Release|x86
		{31DA1F1E-33E8-4635-B2E5-37E705636B44}.Release|x86.Build.0 = Release|x86
		{31DA1F1E-33E8-4635-B2E5-37E705636B44}.Release|x86.Deploy.0 = Release|x86
		{4D268752-C376-4DD2-8E45-BFBFC1135A73}.Debug|Any CPU.ActiveCfg = Debug|Any CPU
		{4D268752-C376-4DD2-8E45-BFBFC1135A73}.Debug|Any CPU.Build.0 = Debug|Any CPU
		{4D268752-C376-4DD2-8E45-BFBFC1135A73}.Debug|Any CPU.Deploy.0 = Debug|Any CPU
		{4D268752-C376-4DD2-8E45-BFBFC1135A73}.Debug|ARM.ActiveCfg = Debug|ARM
		{4D268752-C376-4DD2-8E45-BFBFC1135A73}.Debug|ARM.Build.0 = Debug|ARM
		{4D268752-C376-4DD2-8E45-BFBFC1135A73}.Debug|ARM.Deploy.0 = Debug|ARM
		{4D268752-C376-4DD2-8E45-BFBFC1135A73}.Debug|arm64.ActiveCfg = Debug|ARM64
		{4D268752-C376-4DD2-8E45-BFBFC1135A73}.Debug|arm64.Build.0 = Debug|ARM64
		{4D268752-C376-4DD2-8E45-BFBFC1135A73}.Debug|arm64.Deploy.0 = Debug|ARM64
		{4D268752-C376-4DD2-8E45-BFBFC1135A73}.Debug|x64.ActiveCfg = Debug|x64
		{4D268752-C376-4DD2-8E45-BFBFC1135A73}.Debug|x64.Build.0 = Debug|x64
		{4D268752-C376-4DD2-8E45-BFBFC1135A73}.Debug|x64.Deploy.0 = Debug|x64
		{4D268752-C376-4DD2-8E45-BFBFC1135A73}.Debug|x86.ActiveCfg = Debug|x86
		{4D268752-C376-4DD2-8E45-BFBFC1135A73}.Debug|x86.Build.0 = Debug|x86
		{4D268752-C376-4DD2-8E45-BFBFC1135A73}.Debug|x86.Deploy.0 = Debug|x86
		{4D268752-C376-4DD2-8E45-BFBFC1135A73}.Release|Any CPU.ActiveCfg = Release|Any CPU
		{4D268752-C376-4DD2-8E45-BFBFC1135A73}.Release|Any CPU.Build.0 = Release|Any CPU
		{4D268752-C376-4DD2-8E45-BFBFC1135A73}.Release|Any CPU.Deploy.0 = Release|Any CPU
		{4D268752-C376-4DD2-8E45-BFBFC1135A73}.Release|ARM.ActiveCfg = Release|ARM
		{4D268752-C376-4DD2-8E45-BFBFC1135A73}.Release|ARM.Build.0 = Release|ARM
		{4D268752-C376-4DD2-8E45-BFBFC1135A73}.Release|ARM.Deploy.0 = Release|ARM
		{4D268752-C376-4DD2-8E45-BFBFC1135A73}.Release|arm64.ActiveCfg = Release|ARM64
		{4D268752-C376-4DD2-8E45-BFBFC1135A73}.Release|arm64.Build.0 = Release|ARM64
		{4D268752-C376-4DD2-8E45-BFBFC1135A73}.Release|arm64.Deploy.0 = Release|ARM64
		{4D268752-C376-4DD2-8E45-BFBFC1135A73}.Release|x64.ActiveCfg = Release|x64
		{4D268752-C376-4DD2-8E45-BFBFC1135A73}.Release|x64.Build.0 = Release|x64
		{4D268752-C376-4DD2-8E45-BFBFC1135A73}.Release|x64.Deploy.0 = Release|x64
		{4D268752-C376-4DD2-8E45-BFBFC1135A73}.Release|x86.ActiveCfg = Release|x86
		{4D268752-C376-4DD2-8E45-BFBFC1135A73}.Release|x86.Build.0 = Release|x86
		{4D268752-C376-4DD2-8E45-BFBFC1135A73}.Release|x86.Deploy.0 = Release|x86
		{3A074297-30D1-4485-966C-19B15F073355}.Debug|Any CPU.ActiveCfg = Debug|Any CPU
		{3A074297-30D1-4485-966C-19B15F073355}.Debug|Any CPU.Build.0 = Debug|Any CPU
		{3A074297-30D1-4485-966C-19B15F073355}.Debug|ARM.ActiveCfg = Debug|Any CPU
		{3A074297-30D1-4485-966C-19B15F073355}.Debug|ARM.Build.0 = Debug|Any CPU
		{3A074297-30D1-4485-966C-19B15F073355}.Debug|arm64.ActiveCfg = Debug|Any CPU
		{3A074297-30D1-4485-966C-19B15F073355}.Debug|arm64.Build.0 = Debug|Any CPU
		{3A074297-30D1-4485-966C-19B15F073355}.Debug|x64.ActiveCfg = Debug|Any CPU
		{3A074297-30D1-4485-966C-19B15F073355}.Debug|x64.Build.0 = Debug|Any CPU
		{3A074297-30D1-4485-966C-19B15F073355}.Debug|x86.ActiveCfg = Debug|Any CPU
		{3A074297-30D1-4485-966C-19B15F073355}.Debug|x86.Build.0 = Debug|Any CPU
		{3A074297-30D1-4485-966C-19B15F073355}.Release|Any CPU.ActiveCfg = Release|Any CPU
		{3A074297-30D1-4485-966C-19B15F073355}.Release|Any CPU.Build.0 = Release|Any CPU
		{3A074297-30D1-4485-966C-19B15F073355}.Release|ARM.ActiveCfg = Release|Any CPU
		{3A074297-30D1-4485-966C-19B15F073355}.Release|ARM.Build.0 = Release|Any CPU
		{3A074297-30D1-4485-966C-19B15F073355}.Release|arm64.ActiveCfg = Release|Any CPU
		{3A074297-30D1-4485-966C-19B15F073355}.Release|arm64.Build.0 = Release|Any CPU
		{3A074297-30D1-4485-966C-19B15F073355}.Release|x64.ActiveCfg = Release|Any CPU
		{3A074297-30D1-4485-966C-19B15F073355}.Release|x64.Build.0 = Release|Any CPU
		{3A074297-30D1-4485-966C-19B15F073355}.Release|x86.ActiveCfg = Release|Any CPU
		{3A074297-30D1-4485-966C-19B15F073355}.Release|x86.Build.0 = Release|Any CPU
		{ACB21C63-F5AD-484F-A834-5C51A12E14E6}.Debug|Any CPU.ActiveCfg = Debug|x86
		{ACB21C63-F5AD-484F-A834-5C51A12E14E6}.Debug|ARM.ActiveCfg = Debug|x86
		{ACB21C63-F5AD-484F-A834-5C51A12E14E6}.Debug|arm64.ActiveCfg = Debug|arm64
		{ACB21C63-F5AD-484F-A834-5C51A12E14E6}.Debug|arm64.Build.0 = Debug|arm64
		{ACB21C63-F5AD-484F-A834-5C51A12E14E6}.Debug|x64.ActiveCfg = Debug|x64
		{ACB21C63-F5AD-484F-A834-5C51A12E14E6}.Debug|x64.Build.0 = Debug|x64
		{ACB21C63-F5AD-484F-A834-5C51A12E14E6}.Debug|x86.ActiveCfg = Debug|x86
		{ACB21C63-F5AD-484F-A834-5C51A12E14E6}.Debug|x86.Build.0 = Debug|x86
		{ACB21C63-F5AD-484F-A834-5C51A12E14E6}.Release|Any CPU.ActiveCfg = Release|x86
		{ACB21C63-F5AD-484F-A834-5C51A12E14E6}.Release|ARM.ActiveCfg = Release|x86
		{ACB21C63-F5AD-484F-A834-5C51A12E14E6}.Release|arm64.ActiveCfg = Release|arm64
		{ACB21C63-F5AD-484F-A834-5C51A12E14E6}.Release|arm64.Build.0 = Release|arm64
		{ACB21C63-F5AD-484F-A834-5C51A12E14E6}.Release|x64.ActiveCfg = Release|x64
		{ACB21C63-F5AD-484F-A834-5C51A12E14E6}.Release|x64.Build.0 = Release|x64
		{ACB21C63-F5AD-484F-A834-5C51A12E14E6}.Release|x86.ActiveCfg = Release|x86
		{ACB21C63-F5AD-484F-A834-5C51A12E14E6}.Release|x86.Build.0 = Release|x86
		{D1C0A37D-7ED0-4BFE-825B-50474750A0CC}.Debug|Any CPU.ActiveCfg = Debug|x86
		{D1C0A37D-7ED0-4BFE-825B-50474750A0CC}.Debug|ARM.ActiveCfg = Debug|x86
		{D1C0A37D-7ED0-4BFE-825B-50474750A0CC}.Debug|arm64.ActiveCfg = Debug|arm64
		{D1C0A37D-7ED0-4BFE-825B-50474750A0CC}.Debug|arm64.Build.0 = Debug|arm64
		{D1C0A37D-7ED0-4BFE-825B-50474750A0CC}.Debug|x64.ActiveCfg = Debug|x64
		{D1C0A37D-7ED0-4BFE-825B-50474750A0CC}.Debug|x64.Build.0 = Debug|x64
		{D1C0A37D-7ED0-4BFE-825B-50474750A0CC}.Debug|x86.ActiveCfg = Debug|x86
		{D1C0A37D-7ED0-4BFE-825B-50474750A0CC}.Debug|x86.Build.0 = Debug|x86
		{D1C0A37D-7ED0-4BFE-825B-50474750A0CC}.Release|Any CPU.ActiveCfg = Release|x86
		{D1C0A37D-7ED0-4BFE-825B-50474750A0CC}.Release|ARM.ActiveCfg = Release|x86
		{D1C0A37D-7ED0-4BFE-825B-50474750A0CC}.Release|arm64.ActiveCfg = Release|arm64
		{D1C0A37D-7ED0-4BFE-825B-50474750A0CC}.Release|arm64.Build.0 = Release|arm64
		{D1C0A37D-7ED0-4BFE-825B-50474750A0CC}.Release|x64.ActiveCfg = Release|x64
		{D1C0A37D-7ED0-4BFE-825B-50474750A0CC}.Release|x64.Build.0 = Release|x64
		{D1C0A37D-7ED0-4BFE-825B-50474750A0CC}.Release|x86.ActiveCfg = Release|x86
		{D1C0A37D-7ED0-4BFE-825B-50474750A0CC}.Release|x86.Build.0 = Release|x86
	EndGlobalSection
	GlobalSection(SolutionProperties) = preSolution
		HideSolutionNode = FALSE
	EndGlobalSection
	GlobalSection(ExtensibilityGlobals) = postSolution
		SolutionGuid = {7780F277-7CD4-4B41-817C-1019AB84E3FE}
	EndGlobalSection
EndGlobal
